
Microsoft Visual Studio Solution File, Format Version 12.00
# Visual Studio Version 17
VisualStudioVersion = 17.14.36212.18
MinimumVisualStudioVersion = 10.0.40219.1
Project("{FAE04EC0-301F-11D3-BF4B-00C04F79EFBC}") = "SignalRChatServer", "SignalRChatServer\SignalRChatServer.csproj", "{928045F9-FB3E-4B71-96C9-FFA281339F70}"
EndProject
Project("{FAE04EC0-301F-11D3-BF4B-00C04F79EFBC}") = "SignalRChatClient", "SignalRChatClient\SignalRChatClient.csproj", "{5063EBB0-7AA8-4DA4-AB54-EBFF3A236874}"
EndProject
Global
	GlobalSection(SolutionConfigurationPlatforms) = preSolution
		Debug|Any CPU = Debug|Any CPU
		Release|Any CPU = Release|Any CPU
	EndGlobalSection
	GlobalSection(ProjectConfigurationPlatforms) = postSolution
		{928045F9-FB3E-4B71-96C9-FFA281339F70}.Debug|Any CPU.ActiveCfg = Debug|Any CPU
		{928045F9-FB3E-4B71-96C9-FFA281339F70}.Debug|Any CPU.Build.0 = Debug|Any CPU
		{928045F9-FB3E-4B71-96C9-FFA281339F70}.Release|Any CPU.ActiveCfg = Release|Any CPU
		{928045F9-FB3E-4B71-96C9-FFA281339F70}.Release|Any CPU.Build.0 = Release|Any CPU
		{5063EBB0-7AA8-4DA4-AB54-EBFF3A236874}.Debug|Any CPU.ActiveCfg = Debug|Any CPU
		{5063EBB0-7AA8-4DA4-AB54-EBFF3A236874}.Debug|Any CPU.Build.0 = Debug|Any CPU
		{5063EBB0-7AA8-4DA4-AB54-EBFF3A236874}.Release|Any CPU.ActiveCfg = Release|Any CPU
		{5063EBB0-7AA8-4DA4-AB54-EBFF3A236874}.Release|Any CPU.Build.0 = Release|Any CPU
	EndGlobalSection
	GlobalSection(SolutionProperties) = preSolution
		HideSolutionNode = FALSE
	EndGlobalSection
	GlobalSection(ExtensibilityGlobals) = postSolution
		SolutionGuid = {1CF4192C-4593-484A-9B03-B0231D2B8B9F}
	EndGlobalSection
EndGlobal
